
Microsoft Visual Studio Solution File, Format Version 12.00
# Visual Studio Version 16
VisualStudioVersion = 16.0.30320.27
MinimumVisualStudioVersion = 10.0.40219.1
Project("{FAE04EC0-301F-11D3-BF4B-00C04F79EFBC}") = "WebApp5Project0", "WebApp5Project0.csproj", "{E499F861-2EEA-432F-A40C-5F994367D0BC}"
EndProject
Global
	GlobalSection(SolutionConfigurationPlatforms) = preSolution
		Debug|Any CPU = Debug|Any CPU
		Release|Any CPU = Release|Any CPU
	EndGlobalSection
	GlobalSection(ProjectConfigurationPlatforms) = postSolution
		{E499F861-2EEA-432F-A40C-5F994367D0BC}.Debug|Any CPU.ActiveCfg = Debug|Any CPU
		{E499F861-2EEA-432F-A40C-5F994367D0BC}.Debug|Any CPU.Build.0 = Debug|Any CPU
		{E499F861-2EEA-432F-A40C-5F994367D0BC}.Release|Any CPU.ActiveCfg = Release|Any CPU
		{E499F861-2EEA-432F-A40C-5F994367D0BC}.Release|Any CPU.Build.0 = Release|Any CPU
	EndGlobalSection
	GlobalSection(SolutionProperties) = preSolution
		HideSolutionNode = FALSE
	EndGlobalSection
	GlobalSection(ExtensibilityGlobals) = postSolution
		SolutionGuid = {EAEFC27F-12F9-47B4-A3CD-1A8641A13316}
	EndGlobalSection
EndGlobal
