
Microsoft Visual Studio Solution File, Format Version 12.00
# Visual Studio 2012
Project("{FAE04EC0-301F-11D3-BF4B-00C04F79EFBC}") = "DatabaseApp2", "DatabaseApp2\DatabaseApp2.csproj", "{0112CC26-5D69-4A8E-A3F6-3A4DF92C2081}"
EndProject
Global
	GlobalSection(SolutionConfigurationPlatforms) = preSolution
		Debug|Any CPU = Debug|Any CPU
		Release|Any CPU = Release|Any CPU
	EndGlobalSection
	GlobalSection(ProjectConfigurationPlatforms) = postSolution
		{0112CC26-5D69-4A8E-A3F6-3A4DF92C2081}.Debug|Any CPU.ActiveCfg = Debug|Any CPU
		{0112CC26-5D69-4A8E-A3F6-3A4DF92C2081}.Debug|Any CPU.Build.0 = Debug|Any CPU
		{0112CC26-5D69-4A8E-A3F6-3A4DF92C2081}.Release|Any CPU.ActiveCfg = Release|Any CPU
		{0112CC26-5D69-4A8E-A3F6-3A4DF92C2081}.Release|Any CPU.Build.0 = Release|Any CPU
	EndGlobalSection
	GlobalSection(SolutionProperties) = preSolution
		HideSolutionNode = FALSE
	EndGlobalSection
EndGlobal
