
Microsoft Visual Studio Solution File, Format Version 12.00
# Visual Studio Version 16
VisualStudioVersion = 16.0.30320.27
MinimumVisualStudioVersion = 10.0.40219.1
Project("{FAE04EC0-301F-11D3-BF4B-00C04F79EFBC}") = "WebApp6DatabaseConnection", "WebApp6DatabaseConnection.csproj", "{3FBFEAC2-E7B7-44A5-8895-3275B5D1FFE8}"
EndProject
Global
	GlobalSection(SolutionConfigurationPlatforms) = preSolution
		Debug|Any CPU = Debug|Any CPU
		Release|Any CPU = Release|Any CPU
	EndGlobalSection
	GlobalSection(ProjectConfigurationPlatforms) = postSolution
		{3FBFEAC2-E7B7-44A5-8895-3275B5D1FFE8}.Debug|Any CPU.ActiveCfg = Debug|Any CPU
		{3FBFEAC2-E7B7-44A5-8895-3275B5D1FFE8}.Debug|Any CPU.Build.0 = Debug|Any CPU
		{3FBFEAC2-E7B7-44A5-8895-3275B5D1FFE8}.Release|Any CPU.ActiveCfg = Release|Any CPU
		{3FBFEAC2-E7B7-44A5-8895-3275B5D1FFE8}.Release|Any CPU.Build.0 = Release|Any CPU
	EndGlobalSection
	GlobalSection(SolutionProperties) = preSolution
		HideSolutionNode = FALSE
	EndGlobalSection
	GlobalSection(ExtensibilityGlobals) = postSolution
		SolutionGuid = {84614ED7-F8D0-4099-8679-198107A8E07E}
	EndGlobalSection
EndGlobal
